{
  "version": "2",
  "remote": {
    "https://deno.land/std@0.150.0/_util/assert.ts": "e94f2eb37cebd7f199952e242c77654e43333c1ac4c5c700e929ea3aa5489f74",
    "https://deno.land/std@0.150.0/_util/os.ts": "3b4c6e27febd119d36a416d7a97bd3b0251b77c88942c8f16ee5953ea13e2e49",
    "https://deno.land/std@0.150.0/async/abortable.ts": "87aa7230be8360c24ad437212311c9e8d4328854baec27b4c7abb26e85515c06",
    "https://deno.land/std@0.150.0/async/deadline.ts": "48ac998d7564969f3e6ec6b6f9bf0217ebd00239b1b2292feba61272d5dd58d0",
    "https://deno.land/std@0.150.0/async/debounce.ts": "564273ef242bcfcda19a439132f940db8694173abffc159ea34f07d18fc42620",
    "https://deno.land/std@0.150.0/async/deferred.ts": "bc18e28108252c9f67dfca2bbc4587c3cbf3aeb6e155f8c864ca8ecff992b98a",
    "https://deno.land/std@0.150.0/async/delay.ts": "cbbdf1c87d1aed8edc7bae13592fb3e27e3106e0748f089c263390d4f49e5f6c",
    "https://deno.land/std@0.150.0/async/mod.ts": "9852cd8ed897ab2d41a8fbee611d574e97898327db5c19d9d58e41126473f02c",
    "https://deno.land/std@0.150.0/async/mux_async_iterator.ts": "5b4aca6781ad0f2e19ccdf1d1a1c092ccd3e00d52050d9c27c772658c8367256",
    "https://deno.land/std@0.150.0/async/pool.ts": "ef9eb97b388543acbf0ac32647121e4dbe629236899586c4d4311a8770fbb239",
    "https://deno.land/std@0.150.0/async/tee.ts": "bcfae0017ebb718cf4eef9e2420e8675d91cb1bcc0ed9b668681af6e6caad846",
    "https://deno.land/std@0.150.0/fs/_util.ts": "2cf50bfb1081c2d5f2efec10ac19abbc2baf478e51cd1b057d0da2f30585b6ba",
    "https://deno.land/std@0.150.0/fs/walk.ts": "6ce8d87fbaeda23383e979599ad27f3f94b3e5ff0c0cd976b5fc5c2aa0df7d92",
    "https://deno.land/std@0.150.0/http/http_status.ts": "897575a7d6bc2b9123f6a38ecbc0f03d95a532c5d92029315dc9f508e12526b8",
    "https://deno.land/std@0.150.0/http/server.ts": "0b0a9f3abfcfecead944b31ee9098a0c11a59b0495bf873ee200eb80e7441483",
    "https://deno.land/std@0.150.0/media_types/_util.ts": "ce9b4fc4ba1c447dafab619055e20fd88236ca6bdd7834a21f98bd193c3fbfa1",
    "https://deno.land/std@0.150.0/media_types/mod.ts": "2d4b6f32a087029272dc59e0a55ae3cc4d1b27b794ccf528e94b1925795b3118",
    "https://deno.land/std@0.150.0/media_types/vendor/mime-db.v1.52.0.ts": "724cee25fa40f1a52d3937d6b4fbbfdd7791ff55e1b7ac08d9319d5632c7f5af",
    "https://deno.land/std@0.150.0/path/_constants.ts": "df1db3ffa6dd6d1252cc9617e5d72165cd2483df90e93833e13580687b6083c3",
    "https://deno.land/std@0.150.0/path/_interface.ts": "ee3b431a336b80cf445441109d089b70d87d5e248f4f90ff906820889ecf8d09",
    "https://deno.land/std@0.150.0/path/_util.ts": "c1e9686d0164e29f7d880b2158971d805b6e0efc3110d0b3e24e4b8af2190d2b",
    "https://deno.land/std@0.150.0/path/common.ts": "bee563630abd2d97f99d83c96c2fa0cca7cee103e8cb4e7699ec4d5db7bd2633",
    "https://deno.land/std@0.150.0/path/glob.ts": "cb5255638de1048973c3e69e420c77dc04f75755524cb3b2e160fe9277d939ee",
    "https://deno.land/std@0.150.0/path/mod.ts": "4945b430b759b0b3d98f2a278542cbcf95e0ad2bd8eaaed3c67322b306b2b346",
    "https://deno.land/std@0.150.0/path/posix.ts": "c1f7afe274290ea0b51da07ee205653b2964bd74909a82deb07b69a6cc383aaa",
    "https://deno.land/std@0.150.0/path/separator.ts": "fe1816cb765a8068afb3e8f13ad272351c85cbc739af56dacfc7d93d710fe0f9",
    "https://deno.land/std@0.150.0/path/win32.ts": "bd7549042e37879c68ff2f8576a25950abbfca1d696d41d82c7bca0b7e6f452c",
    "https://deno.land/std@0.152.0/async/abortable.ts": "87aa7230be8360c24ad437212311c9e8d4328854baec27b4c7abb26e85515c06",
    "https://deno.land/std@0.152.0/async/deadline.ts": "48ac998d7564969f3e6ec6b6f9bf0217ebd00239b1b2292feba61272d5dd58d0",
    "https://deno.land/std@0.152.0/async/debounce.ts": "564273ef242bcfcda19a439132f940db8694173abffc159ea34f07d18fc42620",
    "https://deno.land/std@0.152.0/async/deferred.ts": "bc18e28108252c9f67dfca2bbc4587c3cbf3aeb6e155f8c864ca8ecff992b98a",
    "https://deno.land/std@0.152.0/async/delay.ts": "cbbdf1c87d1aed8edc7bae13592fb3e27e3106e0748f089c263390d4f49e5f6c",
    "https://deno.land/std@0.152.0/async/mod.ts": "dd0a8ed4f3984ffabe2fcca7c9f466b7932d57b1864ffee148a5d5388316db6b",
    "https://deno.land/std@0.152.0/async/mux_async_iterator.ts": "5b4aca6781ad0f2e19ccdf1d1a1c092ccd3e00d52050d9c27c772658c8367256",
    "https://deno.land/std@0.152.0/async/pool.ts": "ef9eb97b388543acbf0ac32647121e4dbe629236899586c4d4311a8770fbb239",
    "https://deno.land/std@0.152.0/async/tee.ts": "bcfae0017ebb718cf4eef9e2420e8675d91cb1bcc0ed9b668681af6e6caad846",
    "https://deno.land/std@0.152.0/http/server.ts": "0b0a9f3abfcfecead944b31ee9098a0c11a59b0495bf873ee200eb80e7441483",
    "https://deno.land/std@0.170.0/_util/asserts.ts": "d0844e9b62510f89ce1f9878b046f6a57bf88f208a10304aab50efcb48365272",
    "https://deno.land/std@0.170.0/async/abortable.ts": "80b2ac399f142cc528f95a037a7d0e653296352d95c681e284533765961de409",
    "https://deno.land/std@0.170.0/async/deadline.ts": "2c2deb53c7c28ca1dda7a3ad81e70508b1ebc25db52559de6b8636c9278fd41f",
    "https://deno.land/std@0.170.0/async/debounce.ts": "60301ffb37e730cd2d6f9dadfd0ecb2a38857681bd7aaf6b0a106b06e5210a98",
    "https://deno.land/std@0.170.0/async/deferred.ts": "77d3f84255c3627f1cc88699d8472b664d7635990d5358c4351623e098e917d6",
    "https://deno.land/std@0.170.0/async/delay.ts": "5a9bfba8de38840308a7a33786a0155a7f6c1f7a859558ddcec5fe06e16daf57",
    "https://deno.land/std@0.170.0/async/mod.ts": "7809ad4bb223e40f5fdc043e5c7ca04e0e25eed35c32c3c32e28697c553fa6d9",
    "https://deno.land/std@0.170.0/async/mux_async_iterator.ts": "770a0ff26c59f8bbbda6b703a2235f04e379f73238e8d66a087edc68c2a2c35f",
    "https://deno.land/std@0.170.0/async/pool.ts": "6854d8cd675a74c73391c82005cbbe4cc58183bddcd1fbbd7c2bcda42b61cf69",
    "https://deno.land/std@0.170.0/async/retry.ts": "e8e5173623915bbc0ddc537698fa418cf875456c347eda1ed453528645b42e67",
    "https://deno.land/std@0.170.0/async/tee.ts": "3a47cc4e9a940904fd4341f0224907e199121c80b831faa5ec2b054c6d2eff5e",
    "https://deno.land/std@0.170.0/datetime/to_imf.ts": "bdb0704a986a9bb48fba220722b3d4681e4b8c9c162562ee545ef2eb90b6edcd",
    "https://deno.land/std@0.170.0/http/cookie.ts": "581464551b3d91739f699fbd6a429e6e8701ae252cf295efcda7379e8410d204",
    "https://deno.land/std@0.170.0/http/http_status.ts": "ed24048cc0d06066c944da59b0301da3ae2f990564bb4ad79bb52a09cf8e9b30",
    "https://deno.land/x/denoflate@1.2.1/mod.ts": "f5628e44b80b3d80ed525afa2ba0f12408e3849db817d47a883b801f9ce69dd6",
    "https://deno.land/x/denoflate@1.2.1/pkg/denoflate.js": "b9f9ad9457d3f12f28b1fb35c555f57443427f74decb403113d67364e4f2caf4",
    "https://deno.land/x/denoflate@1.2.1/pkg/denoflate_bg.wasm.js": "d581956245407a2115a3d7e8d85a9641c032940a8e810acbd59ca86afd34d44d",
    "https://deno.land/x/esbuild@v0.14.51/mod.d.ts": "c142324d0383c39de0d7660cd207a7f7f52c7198a13d7d3281c0d636a070f441",
    "https://deno.land/x/esbuild@v0.14.51/mod.js": "7432566c71fac77637822dc230319c7392a2d2fef51204c9d12c956d7093c279",
    "https://deno.land/x/esbuild@v0.14.51/wasm.d.ts": "c142324d0383c39de0d7660cd207a7f7f52c7198a13d7d3281c0d636a070f441",
    "https://deno.land/x/esbuild@v0.14.51/wasm.js": "afc1b6927543b664af60ce452c4929e5dc2bb9a0f4ed47b446a6431847c7598e",
    "https://deno.land/x/esbuild_deno_loader@0.5.2/deps.ts": "bf83c27b7787b2f245fa0bc0b99f5041aa949c000a81c016cfe828d06b476d37",
    "https://deno.land/x/esbuild_deno_loader@0.5.2/mod.ts": "bc111a68f323dbdb6edec68dd558ab732b27866d2ef304708872d763387b65d7",
    "https://deno.land/x/esbuild_deno_loader@0.5.2/src/deno.ts": "0e83ccabbe2b004389288e38df2031b79eb347df2d139fce9394d8e88a11f259",
    "https://deno.land/x/esbuild_deno_loader@0.5.2/src/native_loader.ts": "343854a566cf510cf25144f7c09fc0c1097780a31830305142a075d12bb697ba",
    "https://deno.land/x/esbuild_deno_loader@0.5.2/src/portable_loader.ts": "35b6c526eed8c2c781a3256b23c30aa7cce69c0ef1d583c15528663287ba18a3",
    "https://deno.land/x/esbuild_deno_loader@0.5.2/src/shared.ts": "b64749cd8c0f6252a11498bd8758ef1220003e46b2c9b68e16da63fd7e92b13a",
    "https://deno.land/x/fresh@1.1.2/runtime.ts": "b02ec1e2e32cf73a33d262b7c9dcab9468ce16cd89fd424196c71003698a4ab0",
    "https://deno.land/x/fresh@1.1.2/server.ts": "f379c9aad24471a71e58fb887fa57e5cc27ad9df035987eb260541c78df38e84",
    "https://deno.land/x/fresh@1.1.2/src/runtime/csp.ts": "9ee900e9b0b786057b1009da5976298c202d1b86d1f1e4d2510bde5f06530ac9",
    "https://deno.land/x/fresh@1.1.2/src/runtime/head.ts": "0f9932874497ab6e57ed1ba01d549e843523df4a5d36ef97460e7a43e3132fdc",
    "https://deno.land/x/fresh@1.1.2/src/runtime/utils.ts": "8320a874a44bdd5905c7d4b87a0e7a14a6c50a2ed133800e72ae57341e4d4faa",
    "https://deno.land/x/fresh@1.1.2/src/server/bundle.ts": "f529a54ea5e078b9bd94c64c2ad345a3ba763b39c25b6e61f90629bdfa39c2ff",
    "https://deno.land/x/fresh@1.1.2/src/server/constants.ts": "ad10dda1bc20c25c2926f6a8cfd79ef4368d70b4b03a645f65c04b3fa7d93a8c",
    "https://deno.land/x/fresh@1.1.2/src/server/context.ts": "b385b982de2e5ee6e543dd56aad0e88f8f8fe5d9497909cf16caaf23b4d88b62",
    "https://deno.land/x/fresh@1.1.2/src/server/default_error_page.ts": "1155ac98b3729bf2e51be730af507e431db0ee43ac84c86f1c022a831b310106",
    "https://deno.land/x/fresh@1.1.2/src/server/deps.ts": "1c4e05b7d6e4eecc0012c9ec30ee587d8f533ab67c2bcb59048ed5f76841a770",
    "https://deno.land/x/fresh@1.1.2/src/server/htmlescape.ts": "834ac7d0caa9fc38dffd9b8613fb47aeecd4f22d5d70c51d4b20a310c085835c",
    "https://deno.land/x/fresh@1.1.2/src/server/mod.ts": "72d213444334dd2e94c757a0eee0fc486c0919399ea9184d07ad042f34edd00d",
    "https://deno.land/x/fresh@1.1.2/src/server/render.ts": "6f50707bd1f6e33ed84bb71ae3b0996d202b953cefc4285f5356524c7b21f01f",
    "https://deno.land/x/fresh@1.1.2/src/server/types.ts": "dde992ab4ee635df71a7fc96fe4cd85943c1a9286ea8eb586563d5f5ca154955",
    "https://deno.land/x/importmap@0.2.1/_util.ts": "ada9a9618b537e6c0316c048a898352396c882b9f2de38aba18fd3f2950ede89",
    "https://deno.land/x/importmap@0.2.1/mod.ts": "ae3d1cd7eabd18c01a4960d57db471126b020f23b37ef14e1359bbb949227ade",
    "https://deno.land/x/rutt@0.0.13/mod.ts": "af981cfb95131152bf50fc9140fc00cb3efb6563df2eded1d408361d8577df20",
    "https://edge-utils.netlify.app/1.1.0/logger/mod.ts": "f5a56eec969bc136c394f41290a3a18d767e44604cd6169765a17b6533da5f83",
    "https://edge.netlify.com/": "610a527f95d87f722762bf3745be72361ad681411f25bf7b86e3ace654513531",
    "https://edge.netlify.com/bootstrap/account.ts": "db03119ab77f583fe3085958b3739043713f84454adba665666b7d437531dab4",
    "https://edge.netlify.com/bootstrap/cache.ts": "b8cbe411e9cac6529a11bce57fa1693aea14c1c614d977e23641efba8976dc66",
    "https://edge.netlify.com/bootstrap/config.ts": "c62c806de0153a128ceeb91aad7aaef220290debc3d7abe3f98262f02cc85f7f",
    "https://edge.netlify.com/bootstrap/context.ts": "a26c5bb388b11bd13f446dd32797e332c8a16aa818b0e5ade161cd4fb938d251",
    "https://edge.netlify.com/bootstrap/cookie_store.ts": "d77ebc65d0674c10a950ed8aea36203cb6c9539cb7f564cf8be69880986da93f",
    "https://edge.netlify.com/bootstrap/edge_function.ts": "a4badf05712b596e0d1a8bb02e3de3f0d3b0b1ee85035c25bb645760986af469",
    "https://edge.netlify.com/bootstrap/environment.ts": "310fda1b6341d50ba1b7838acd3acdcc883a6c59e30783fa486fa03fa512cd3f",
    "https://edge.netlify.com/bootstrap/feature_flags.ts": "7d08fd81442364a1756184de62ad8de1ac118799812c6f7fd9f8733431993a77",
    "https://edge.netlify.com/bootstrap/function_chain.ts": "e188213127a22b8442b068dc2308376fed09fbf5a20176fe61fab3de37fd8760",
    "https://edge.netlify.com/bootstrap/geo.ts": "aa52dbe3bd74ae7568e20772700568751f812aa8ca2af728db7462a1d67c2d76",
    "https://edge.netlify.com/bootstrap/handler.ts": "b6b463e4a786db3232fd9603a7e6f596367ac367c1e086c024dc914e3575e600",
    "https://edge.netlify.com/bootstrap/headers.ts": "0cfa5922762369e437d81f57a3087a2c30a45513214165461bcaa24481460df8",
    "https://edge.netlify.com/bootstrap/log/instrumented_log.ts": "734e0751be799da9080274fd0de754d2d6e66115e72a349652b30ed46a20d0cd",
    "https://edge.netlify.com/bootstrap/log/logger.ts": "c8d7968cb3517538e2ac1094152523f482a885b7c3d998d88f4499f03374322d",
    "https://edge.netlify.com/bootstrap/log/types.ts": "be534c9e56a358189415e7c447e093daa4293e89c05a210ab20a1218802ac4f9",
    "https://edge.netlify.com/bootstrap/request.ts": "4910ca23217e885dd7936973bd8669a395c61ed8c443c5c0e82a53a5a92c2f81",
    "https://edge.netlify.com/bootstrap/response.ts": "beac0d12589790a233873439e82c57c019ea1a600609f9658e65a171004dd4fe",
    "https://edge.netlify.com/bootstrap/retry.ts": "254bdc76bbc74eba3ddc1a6608511ba6e55ca9ceeb8b704d5dde5d69aa300f90",
    "https://edge.netlify.com/bootstrap/site.ts": "92469673f289c124a9985c7027dc6c166364371b209b5a674aa05d482ad5583b",
    "https://edge.netlify.com/bootstrap/stage_2.ts": "aec0414b2abce6b75d6b57f0fedbed9f39479553dc950e0eb54669e589363c1a",
    "https://edge.netlify.com/bootstrap/util/named_wrapper.ts": "a2b16dc9a8e8fb07509b5cfe29203eebd5bfaafe7589669bae544c8d4d606934",
    "https://edge.netlify.com/bootstrap/util/stack_tracer.ts": "706380399ae5ea8b5c3506a5ae5e4ce1d005b70fd45aec52e564f2ece4e0a9ff",
    "https://esm.sh/*preact-render-to-string@5.2.4": "b5ea1be1c1c40c87e04f7f29921e504032e0afa618ca8941aad479ea0f4d8751",
    "https://esm.sh/cache-control-parser@2.0.2": "20b4d3dcefde595f251bbc981214b343ef787901abfc7de480dca5e468d2da50",
    "https://esm.sh/preact@10.11.0": "e888b244446037c56f1881173fb51d1f5fa7aae5599e6c5154619346a6a5094e",
    "https://esm.sh/preact@10.11.0/hooks": "2b8ec155eb8b87501663f074acff1d55a9114fa7d88f0b39da06c940af1ff736",
    "https://esm.sh/preact@10.11.0/jsx-runtime": "5c123264f19799ab243211132dded45f6d42d594b5c78dd585f947d07bf20eae",
    "https://esm.sh/stable/preact@10.11.0/deno/hooks.js": "48b7674c1f0c2a0f8a0f758b786f5bc15ba0f7a4f3a356ecc783848f1e4a1c55",
    "https://esm.sh/stable/preact@10.11.0/deno/jsx-runtime.js": "b5a8e96758c20b5dea05802c6f6962b8a95bfdbd476eb4ea51cf3234f6e09271",
    "https://esm.sh/stable/preact@10.11.0/deno/preact.js": "071b515099e5dff2fe56768be62644e32fab702b194171357ccc4d7d1210144a",
    "https://esm.sh/v106/cache-control-parser@2.0.2/deno/cache-control-parser.js": "2386a423f22b19154da476510f1af4b6d760ee7cb37d55e7853fec42cf455d0a",
    "https://esm.sh/v106/cache-control-parser@2.0.2/dist/cache-control-parser.d.ts": "bc9e48cef3d08cc4869033ca175df0b03cf71749b8bf5328584495a2cf2fcdd2",
    "https://esm.sh/v106/cache-control-parser@2.0.2/dist/index.d.ts": "86d9d540ac88d6f6be9a208c49abde20a90a1ab536d78eb4baf9f5d3309d41ad",
    "https://esm.sh/v106/cache-control-parser@2.0.2/dist/types.d.ts": "1393ca6ff1ac31ed620eb4a77deb49921b8bd956beb373630397b57306ba0343",
    "https://esm.sh/v106/preact-render-to-string@5.2.4/X-ZS8q/deno/preact-render-to-string.js": "75aad97b00d5ad63383de7f729a3f1fea59e69a9b876db5551d9c746ed372f82",
    "https://esm.sh/v106/preact-render-to-string@5.2.4/X-ZS8q/src/index.d.ts": "b1d73703252c8570fdf2952475805f5808ba3511fefbd93a3e7bd8406de7dcd0",
    "https://esm.sh/v106/preact@10.11.0/hooks/src/index.d.ts": "5c29febb624fc25d71cb0e125848c9b711e233337a08f7eacfade38fd4c14cc3",
    "https://esm.sh/v106/preact@10.11.0/jsx-runtime/src/index.d.ts": "e153460ed2b3fe2ad8b93696ecd48fbf73cd628b0b0ea6692b71804a3af69dfd",
    "https://esm.sh/v106/preact@10.11.0/src/index.d.ts": "1a5c331227be54be6515b0c92a469d352834fa413963ae84a39a05a3177111f6",
    "https://esm.sh/v106/preact@10.11.0/src/jsx.d.ts": "c423715fd7992b2e1446fea11d2d04e8adbd66c1edca1ce5e85f90e0d26a2eb2"
  }
}
